
Microsoft Visual Studio Solution File, Format Version 12.00
# Visual Studio 2013
VisualStudioVersion = 12.0.31101.0
MinimumVisualStudioVersion = 10.0.40219.1
Project("{FAE04EC0-301F-11D3-BF4B-00C04F79EFBC}") = "SharpEventLoop", "SharpEventLoop\SharpEventLoop.csproj", "{D06DAA2F-2BD7-4AF8-B92F-A32E3028FF30}"
EndProject
Project("{FAE04EC0-301F-11D3-BF4B-00C04F79EFBC}") = "SharpEventLoop.Examples.Listener", "SharpEventLoop.Examples.Listener\SharpEventLoop.Examples.Listener.csproj", "{EB0A187B-1EF9-40E9-939D-8BCA20A36391}"
EndProject
Project("{FAE04EC0-301F-11D3-BF4B-00C04F79EFBC}") = "SharpEventLoop.Examples.Request", "SharpEventLoop.Examples.Request\SharpEventLoop.Examples.Request.csproj", "{9520221A-04D0-40F8-BA6C-12802C13E394}"
EndProject
Global
	GlobalSection(SolutionConfigurationPlatforms) = preSolution
		Debug|Any CPU = Debug|Any CPU
		Release|Any CPU = Release|Any CPU
	EndGlobalSection
	GlobalSection(ProjectConfigurationPlatforms) = postSolution
		{D06DAA2F-2BD7-4AF8-B92F-A32E3028FF30}.Debug|Any CPU.ActiveCfg = Debug|Any CPU
		{D06DAA2F-2BD7-4AF8-B92F-A32E3028FF30}.Debug|Any CPU.Build.0 = Debug|Any CPU
		{D06DAA2F-2BD7-4AF8-B92F-A32E3028FF30}.Release|Any CPU.ActiveCfg = Release|Any CPU
		{D06DAA2F-2BD7-4AF8-B92F-A32E3028FF30}.Release|Any CPU.Build.0 = Release|Any CPU
		{EB0A187B-1EF9-40E9-939D-8BCA20A36391}.Debug|Any CPU.ActiveCfg = Debug|Any CPU
		{EB0A187B-1EF9-40E9-939D-8BCA20A36391}.Debug|Any CPU.Build.0 = Debug|Any CPU
		{EB0A187B-1EF9-40E9-939D-8BCA20A36391}.Release|Any CPU.ActiveCfg = Release|Any CPU
		{EB0A187B-1EF9-40E9-939D-8BCA20A36391}.Release|Any CPU.Build.0 = Release|Any CPU
		{9520221A-04D0-40F8-BA6C-12802C13E394}.Debug|Any CPU.ActiveCfg = Debug|Any CPU
		{9520221A-04D0-40F8-BA6C-12802C13E394}.Debug|Any CPU.Build.0 = Debug|Any CPU
		{9520221A-04D0-40F8-BA6C-12802C13E394}.Release|Any CPU.ActiveCfg = Release|Any CPU
		{9520221A-04D0-40F8-BA6C-12802C13E394}.Release|Any CPU.Build.0 = Release|Any CPU
	EndGlobalSection
	GlobalSection(SolutionProperties) = preSolution
		HideSolutionNode = FALSE
	EndGlobalSection
EndGlobal
